
Microsoft Visual Studio Solution File, Format Version 12.00
# Visual Studio Version 17
VisualStudioVersion = 17.14.36109.1
MinimumVisualStudioVersion = 10.0.40219.1
Project("{FAE04EC0-301F-11D3-BF4B-00C04F79EFBC}") = "Public", "Public\Public.csproj", "{34191327-59F5-4028-95F6-579EFC265B8A}"
EndProject
Project("{FAE04EC0-301F-11D3-BF4B-00C04F79EFBC}") = "N8N API", "N8N_Server\N8N API.csproj", "{F84679FA-EF4D-0300-A030-35C373232099}"
EndProject
Project("{FAE04EC0-301F-11D3-BF4B-00C04F79EFBC}") = "N8N_Front", "N8N_Front\N8N_Front.csproj", "{7F7D82F7-1E4B-40B6-8207-13DC35F5C962}"
EndProject
Global
	GlobalSection(SolutionConfigurationPlatforms) = preSolution
		Debug|Any CPU = Debug|Any CPU
		Release|Any CPU = Release|Any CPU
	EndGlobalSection
	GlobalSection(ProjectConfigurationPlatforms) = postSolution
		{34191327-59F5-4028-95F6-579EFC265B8A}.Debug|Any CPU.ActiveCfg = Debug|Any CPU
		{34191327-59F5-4028-95F6-579EFC265B8A}.Debug|Any CPU.Build.0 = Debug|Any CPU
		{34191327-59F5-4028-95F6-579EFC265B8A}.Release|Any CPU.ActiveCfg = Release|Any CPU
		{34191327-59F5-4028-95F6-579EFC265B8A}.Release|Any CPU.Build.0 = Release|Any CPU
		{F84679FA-EF4D-0300-A030-35C373232099}.Debug|Any CPU.ActiveCfg = Debug|Any CPU
		{F84679FA-EF4D-0300-A030-35C373232099}.Debug|Any CPU.Build.0 = Debug|Any CPU
		{F84679FA-EF4D-0300-A030-35C373232099}.Release|Any CPU.ActiveCfg = Release|Any CPU
		{F84679FA-EF4D-0300-A030-35C373232099}.Release|Any CPU.Build.0 = Release|Any CPU
		{7F7D82F7-1E4B-40B6-8207-13DC35F5C962}.Debug|Any CPU.ActiveCfg = Debug|Any CPU
		{7F7D82F7-1E4B-40B6-8207-13DC35F5C962}.Debug|Any CPU.Build.0 = Debug|Any CPU
		{7F7D82F7-1E4B-40B6-8207-13DC35F5C962}.Release|Any CPU.ActiveCfg = Release|Any CPU
		{7F7D82F7-1E4B-40B6-8207-13DC35F5C962}.Release|Any CPU.Build.0 = Release|Any CPU
	EndGlobalSection
	GlobalSection(SolutionProperties) = preSolution
		HideSolutionNode = FALSE
	EndGlobalSection
	GlobalSection(ExtensibilityGlobals) = postSolution
		SolutionGuid = {723B61A1-4E80-42A8-887F-73FD90FD43FF}
	EndGlobalSection
EndGlobal
